// !$*UTF8*$!
{
	archiveVersion = 1;
	classes = {
	};
	objectVersion = 56;
	objects = {

/* Begin PBXBuildFile section */
		C003B9CB2A135CFC00084371 /* ApplianceModel.xcdatamodeld in Sources */ = {isa = PBXBuildFile; fileRef = C003B9C92A135CFC00084371 /* ApplianceModel.xcdatamodeld */; };
		C003B9CE2A135D7900084371 /* DataController.swift in Sources */ = {isa = PBXBuildFile; fileRef = C003B9CD2A135D7900084371 /* DataController.swift */; };
		C003B9D22A13791200084371 /* README.md in Resources */ = {isa = PBXBuildFile; fileRef = C003B9D12A13791200084371 /* README.md */; };
		C003B9D42A1379F500084371 /* GlobalConstants.swift in Sources */ = {isa = PBXBuildFile; fileRef = C003B9D32A1379F500084371 /* GlobalConstants.swift */; };
		C01033202A12882E00677099 /* OnboardingView.swift in Sources */ = {isa = PBXBuildFile; fileRef = C010331F2A12882D00677099 /* OnboardingView.swift */; };
		C019E9FA2A08FF6200EFA38E /* ResultView.swift in Sources */ = {isa = PBXBuildFile; fileRef = C019E9F92A08FF6200EFA38E /* ResultView.swift */; };
		C024C0592A0CDE8C00408D5A /* MultipleCheckmarkRow.swift in Sources */ = {isa = PBXBuildFile; fileRef = C024C0582A0CDE8C00408D5A /* MultipleCheckmarkRow.swift */; };
		C03D5E942A06746500947F0B /* ApplianceItemCard.swift in Sources */ = {isa = PBXBuildFile; fileRef = C03D5E932A06746500947F0B /* ApplianceItemCard.swift */; };
		C045B2F72A04FFBE00992B32 /* ApplianceForm.swift in Sources */ = {isa = PBXBuildFile; fileRef = C045B2F62A04FFBE00992B32 /* ApplianceForm.swift */; };
		C04B88042A03B9B20053F3C9 /* ElectriwiseApp.swift in Sources */ = {isa = PBXBuildFile; fileRef = C04B88032A03B9B20053F3C9 /* ElectriwiseApp.swift */; };
		C04B88062A03B9B20053F3C9 /* ContentView.swift in Sources */ = {isa = PBXBuildFile; fileRef = C04B88052A03B9B20053F3C9 /* ContentView.swift */; };
		C04B88082A03B9B20053F3C9 /* Assets.xcassets in Resources */ = {isa = PBXBuildFile; fileRef = C04B88072A03B9B20053F3C9 /* Assets.xcassets */; };
		C04B880B2A03B9B20053F3C9 /* Preview Assets.xcassets in Resources */ = {isa = PBXBuildFile; fileRef = C04B880A2A03B9B20053F3C9 /* Preview Assets.xcassets */; };
		C04B88122A03C26A0053F3C9 /* CalculatorView.swift in Sources */ = {isa = PBXBuildFile; fileRef = C04B88112A03C26A0053F3C9 /* CalculatorView.swift */; };
		C0B37A362A1B572900E346AB /* Appliance.swift in Sources */ = {isa = PBXBuildFile; fileRef = C0B37A352A1B572900E346AB /* Appliance.swift */; };
		C0D77A372A0BAB4F003A76D2 /* AvgUsageRepeatForm.swift in Sources */ = {isa = PBXBuildFile; fileRef = C0D77A362A0BAB4F003A76D2 /* AvgUsageRepeatForm.swift */; };
/* End PBXBuildFile section */

/* Begin PBXFileReference section */
		C003B9CA2A135CFC00084371 /* ApplianceModel.xcdatamodel */ = {isa = PBXFileReference; lastKnownFileType = wrapper.xcdatamodel; path = ApplianceModel.xcdatamodel; sourceTree = "<group>"; };
		C003B9CD2A135D7900084371 /* DataController.swift */ = {isa = PBXFileReference; lastKnownFileType = sourcecode.swift; path = DataController.swift; sourceTree = "<group>"; };
		C003B9D12A13791200084371 /* README.md */ = {isa = PBXFileReference; lastKnownFileType = net.daringfireball.markdown; path = README.md; sourceTree = "<group>"; };
		C003B9D32A1379F500084371 /* GlobalConstants.swift */ = {isa = PBXFileReference; lastKnownFileType = sourcecode.swift; path = GlobalConstants.swift; sourceTree = "<group>"; };
		C010331F2A12882D00677099 /* OnboardingView.swift */ = {isa = PBXFileReference; lastKnownFileType = sourcecode.swift; path = OnboardingView.swift; sourceTree = "<group>"; };
		C019E9F92A08FF6200EFA38E /* ResultView.swift */ = {isa = PBXFileReference; lastKnownFileType = sourcecode.swift; path = ResultView.swift; sourceTree = "<group>"; };
		C024C0582A0CDE8C00408D5A /* MultipleCheckmarkRow.swift */ = {isa = PBXFileReference; lastKnownFileType = sourcecode.swift; path = MultipleCheckmarkRow.swift; sourceTree = "<group>"; };
		C03CA3322A14960900193F08 /* Privacy Policy.md */ = {isa = PBXFileReference; lastKnownFileType = net.daringfireball.markdown; path = "Privacy Policy.md"; sourceTree = "<group>"; };
		C03D5E932A06746500947F0B /* ApplianceItemCard.swift */ = {isa = PBXFileReference; lastKnownFileType = sourcecode.swift; path = ApplianceItemCard.swift; sourceTree = "<group>"; };
		C045B2F62A04FFBE00992B32 /* ApplianceForm.swift */ = {isa = PBXFileReference; lastKnownFileType = sourcecode.swift; path = ApplianceForm.swift; sourceTree = "<group>"; };
		C04B88002A03B9B20053F3C9 /* Electriwise.app */ = {isa = PBXFileReference; explicitFileType = wrapper.application; includeInIndex = 0; path = Electriwise.app; sourceTree = BUILT_PRODUCTS_DIR; };
		C04B88032A03B9B20053F3C9 /* ElectriwiseApp.swift */ = {isa = PBXFileReference; lastKnownFileType = sourcecode.swift; path = ElectriwiseApp.swift; sourceTree = "<group>"; };
		C04B88052A03B9B20053F3C9 /* ContentView.swift */ = {isa = PBXFileReference; lastKnownFileType = sourcecode.swift; path = ContentView.swift; sourceTree = "<group>"; };
		C04B88072A03B9B20053F3C9 /* Assets.xcassets */ = {isa = PBXFileReference; lastKnownFileType = folder.assetcatalog; path = Assets.xcassets; sourceTree = "<group>"; };
		C04B880A2A03B9B20053F3C9 /* Preview Assets.xcassets */ = {isa = PBXFileReference; lastKnownFileType = folder.assetcatalog; path = "Preview Assets.xcassets"; sourceTree = "<group>"; };
		C04B88112A03C26A0053F3C9 /* CalculatorView.swift */ = {isa = PBXFileReference; lastKnownFileType = sourcecode.swift; path = CalculatorView.swift; sourceTree = "<group>"; };
		C0B37A352A1B572900E346AB /* Appliance.swift */ = {isa = PBXFileReference; lastKnownFileType = sourcecode.swift; path = Appliance.swift; sourceTree = "<group>"; };
		C0D77A362A0BAB4F003A76D2 /* AvgUsageRepeatForm.swift */ = {isa = PBXFileReference; lastKnownFileType = sourcecode.swift; path = AvgUsageRepeatForm.swift; sourceTree = "<group>"; };
/* End PBXFileReference section */

/* Begin PBXFrameworksBuildPhase section */
		C04B87FD2A03B9B20053F3C9 /* Frameworks */ = {
			isa = PBXFrameworksBuildPhase;
			buildActionMask = 2147483647;
			files = (
			);
			runOnlyForDeploymentPostprocessing = 0;
		};
/* End PBXFrameworksBuildPhase section */

/* Begin PBXGroup section */
		C024C0522A0CDA7C00408D5A /* Views */ = {
			isa = PBXGroup;
			children = (
				C04B88112A03C26A0053F3C9 /* CalculatorView.swift */,
				C024C0542A0CDB1200408D5A /* Partials */,
				C04B88052A03B9B20053F3C9 /* ContentView.swift */,
				C019E9F92A08FF6200EFA38E /* ResultView.swift */,
				C010331F2A12882D00677099 /* OnboardingView.swift */,
			);
			path = Views;
			sourceTree = "<group>";
		};
		C024C0542A0CDB1200408D5A /* Partials */ = {
			isa = PBXGroup;
			children = (
				C0D77A362A0BAB4F003A76D2 /* AvgUsageRepeatForm.swift */,
				C045B2F62A04FFBE00992B32 /* ApplianceForm.swift */,
			);
			path = Partials;
			sourceTree = "<group>";
		};
		C024C0552A0CDB7700408D5A /* Models */ = {
			isa = PBXGroup;
			children = (
				C003B9C92A135CFC00084371 /* ApplianceModel.xcdatamodeld */,
				C003B9CD2A135D7900084371 /* DataController.swift */,
				C0B37A352A1B572900E346AB /* Appliance.swift */,
			);
			path = Models;
			sourceTree = "<group>";
		};
		C03D5E922A06745000947F0B /* Components */ = {
			isa = PBXGroup;
			children = (
				C03D5E932A06746500947F0B /* ApplianceItemCard.swift */,
				C024C0582A0CDE8C00408D5A /* MultipleCheckmarkRow.swift */,
			);
			path = Components;
			sourceTree = "<group>";
		};
		C04B87F72A03B9B20053F3C9 = {
			isa = PBXGroup;
			children = (
				C03CA3322A14960900193F08 /* Privacy Policy.md */,
				C003B9D12A13791200084371 /* README.md */,
				C04B88022A03B9B20053F3C9 /* Electriwise */,
				C04B88012A03B9B20053F3C9 /* Products */,
			);
			sourceTree = "<group>";
		};
		C04B88012A03B9B20053F3C9 /* Products */ = {
			isa = PBXGroup;
			children = (
				C04B88002A03B9B20053F3C9 /* Electriwise.app */,
			);
			name = Products;
			sourceTree = "<group>";
		};
		C04B88022A03B9B20053F3C9 /* Electriwise */ = {
			isa = PBXGroup;
			children = (
				C024C0552A0CDB7700408D5A /* Models */,
				C024C0522A0CDA7C00408D5A /* Views */,
				C03D5E922A06745000947F0B /* Components */,
				C04B88032A03B9B20053F3C9 /* ElectriwiseApp.swift */,
				C04B88072A03B9B20053F3C9 /* Assets.xcassets */,
				C04B88092A03B9B20053F3C9 /* Preview Content */,
				C003B9D32A1379F500084371 /* GlobalConstants.swift */,
			);
			path = Electriwise;
			sourceTree = "<group>";
		};
		C04B88092A03B9B20053F3C9 /* Preview Content */ = {
			isa = PBXGroup;
			children = (
				C04B880A2A03B9B20053F3C9 /* Preview Assets.xcassets */,
			);
			path = "Preview Content";
			sourceTree = "<group>";
		};
/* End PBXGroup section */

/* Begin PBXNativeTarget section */
		C04B87FF2A03B9B20053F3C9 /* Electriwise */ = {
			isa = PBXNativeTarget;
			buildConfigurationList = C04B880E2A03B9B20053F3C9 /* Build configuration list for PBXNativeTarget "Electriwise" */;
			buildPhases = (
				C04B87FC2A03B9B20053F3C9 /* Sources */,
				C04B87FD2A03B9B20053F3C9 /* Frameworks */,
				C04B87FE2A03B9B20053F3C9 /* Resources */,
			);
			buildRules = (
			);
			dependencies = (
			);
			name = Electriwise;
			packageProductDependencies = (
			);
			productName = "Electricity Cost App";
			productReference = C04B88002A03B9B20053F3C9 /* Electriwise.app */;
			productType = "com.apple.product-type.application";
		};
/* End PBXNativeTarget section */

/* Begin PBXProject section */
		C04B87F82A03B9B20053F3C9 /* Project object */ = {
			isa = PBXProject;
			attributes = {
				BuildIndependentTargetsInParallel = 1;
				LastSwiftUpdateCheck = 1420;
				LastUpgradeCheck = 1420;
				TargetAttributes = {
					C04B87FF2A03B9B20053F3C9 = {
						CreatedOnToolsVersion = 14.2;
					};
				};
			};
			buildConfigurationList = C04B87FB2A03B9B20053F3C9 /* Build configuration list for PBXProject "Electriwise" */;
			compatibilityVersion = "Xcode 14.0";
			developmentRegion = en;
			hasScannedForEncodings = 0;
			knownRegions = (
				en,
				Base,
			);
			mainGroup = C04B87F72A03B9B20053F3C9;
			packageReferences = (
			);
			productRefGroup = C04B88012A03B9B20053F3C9 /* Products */;
			projectDirPath = "";
			projectRoot = "";
			targets = (
				C04B87FF2A03B9B20053F3C9 /* Electriwise */,
			);
		};
/* End PBXProject section */

/* Begin PBXResourcesBuildPhase section */
		C04B87FE2A03B9B20053F3C9 /* Resources */ = {
			isa = PBXResourcesBuildPhase;
			buildActionMask = 2147483647;
			files = (
				C003B9D22A13791200084371 /* README.md in Resources */,
				C04B880B2A03B9B20053F3C9 /* Preview Assets.xcassets in Resources */,
				C04B88082A03B9B20053F3C9 /* Assets.xcassets in Resources */,
			);
			runOnlyForDeploymentPostprocessing = 0;
		};
/* End PBXResourcesBuildPhase section */

/* Begin PBXSourcesBuildPhase section */
		C04B87FC2A03B9B20053F3C9 /* Sources */ = {
			isa = PBXSourcesBuildPhase;
			buildActionMask = 2147483647;
			files = (
				C04B88062A03B9B20053F3C9 /* ContentView.swift in Sources */,
				C0B37A362A1B572900E346AB /* Appliance.swift in Sources */,
				C003B9CE2A135D7900084371 /* DataController.swift in Sources */,
				C04B88042A03B9B20053F3C9 /* ElectriwiseApp.swift in Sources */,
				C024C0592A0CDE8C00408D5A /* MultipleCheckmarkRow.swift in Sources */,
				C01033202A12882E00677099 /* OnboardingView.swift in Sources */,
				C003B9D42A1379F500084371 /* GlobalConstants.swift in Sources */,
				C03D5E942A06746500947F0B /* ApplianceItemCard.swift in Sources */,
				C04B88122A03C26A0053F3C9 /* CalculatorView.swift in Sources */,
				C003B9CB2A135CFC00084371 /* ApplianceModel.xcdatamodeld in Sources */,
				C019E9FA2A08FF6200EFA38E /* ResultView.swift in Sources */,
				C045B2F72A04FFBE00992B32 /* ApplianceForm.swift in Sources */,
				C0D77A372A0BAB4F003A76D2 /* AvgUsageRepeatForm.swift in Sources */,
			);
			runOnlyForDeploymentPostprocessing = 0;
		};
/* End PBXSourcesBuildPhase section */

/* Begin XCBuildConfiguration section */
		C04B880C2A03B9B20053F3C9 /* Debug */ = {
			isa = XCBuildConfiguration;
			buildSettings = {
				ALWAYS_SEARCH_USER_PATHS = NO;
				CLANG_ANALYZER_NONNULL = YES;
				CLANG_ANALYZER_NUMBER_OBJECT_CONVERSION = YES_AGGRESSIVE;
				CLANG_CXX_LANGUAGE_STANDARD = "gnu++20";
				CLANG_ENABLE_MODULES = YES;
				CLANG_ENABLE_OBJC_ARC = YES;
				CLANG_ENABLE_OBJC_WEAK = YES;
				CLANG_WARN_BLOCK_CAPTURE_AUTORELEASING = YES;
				CLANG_WARN_BOOL_CONVERSION = YES;
				CLANG_WARN_COMMA = YES;
				CLANG_WARN_CONSTANT_CONVERSION = YES;
				CLANG_WARN_DEPRECATED_OBJC_IMPLEMENTATIONS = YES;
				CLANG_WARN_DIRECT_OBJC_ISA_USAGE = YES_ERROR;
				CLANG_WARN_DOCUMENTATION_COMMENTS = YES;
				CLANG_WARN_EMPTY_BODY = YES;
				CLANG_WARN_ENUM_CONVERSION = YES;
				CLANG_WARN_INFINITE_RECURSION = YES;
				CLANG_WARN_INT_CONVERSION = YES;
				CLANG_WARN_NON_LITERAL_NULL_CONVERSION = YES;
				CLANG_WARN_OBJC_IMPLICIT_RETAIN_SELF = YES;
				CLANG_WARN_OBJC_LITERAL_CONVERSION = YES;
				CLANG_WARN_OBJC_ROOT_CLASS = YES_ERROR;
				CLANG_WARN_QUOTED_INCLUDE_IN_FRAMEWORK_HEADER = YES;
				CLANG_WARN_RANGE_LOOP_ANALYSIS = YES;
				CLANG_WARN_STRICT_PROTOTYPES = YES;
				CLANG_WARN_SUSPICIOUS_MOVE = YES;
				CLANG_WARN_UNGUARDED_AVAILABILITY = YES_AGGRESSIVE;
				CLANG_WARN_UNREACHABLE_CODE = YES;
				CLANG_WARN__DUPLICATE_METHOD_MATCH = YES;
				COPY_PHASE_STRIP = NO;
				DEBUG_INFORMATION_FORMAT = dwarf;
				ENABLE_STRICT_OBJC_MSGSEND = YES;
				ENABLE_TESTABILITY = YES;
				GCC_C_LANGUAGE_STANDARD = gnu11;
				GCC_DYNAMIC_NO_PIC = NO;
				GCC_NO_COMMON_BLOCKS = YES;
				GCC_OPTIMIZATION_LEVEL = 0;
				GCC_PREPROCESSOR_DEFINITIONS = (
					"DEBUG=1",
					"$(inherited)",
				);
				GCC_WARN_64_TO_32_BIT_CONVERSION = YES;
				GCC_WARN_ABOUT_RETURN_TYPE = YES_ERROR;
				GCC_WARN_UNDECLARED_SELECTOR = YES;
				GCC_WARN_UNINITIALIZED_AUTOS = YES_AGGRESSIVE;
				GCC_WARN_UNUSED_FUNCTION = YES;
				GCC_WARN_UNUSED_VARIABLE = YES;
				IPHONEOS_DEPLOYMENT_TARGET = 16.0;
				MTL_ENABLE_DEBUG_INFO = INCLUDE_SOURCE;
				MTL_FAST_MATH = YES;
				ONLY_ACTIVE_ARCH = YES;
				SDKROOT = iphoneos;
				SWIFT_ACTIVE_COMPILATION_CONDITIONS = DEBUG;
				SWIFT_OPTIMIZATION_LEVEL = "-Onone";
			};
			name = Debug;
		};
		C04B880D2A03B9B20053F3C9 /* Release */ = {
			isa = XCBuildConfiguration;
			buildSettings = {
				ALWAYS_SEARCH_USER_PATHS = NO;
				CLANG_ANALYZER_NONNULL = YES;
				CLANG_ANALYZER_NUMBER_OBJECT_CONVERSION = YES_AGGRESSIVE;
				CLANG_CXX_LANGUAGE_STANDARD = "gnu++20";
				CLANG_ENABLE_MODULES = YES;
				CLANG_ENABLE_OBJC_ARC = YES;
				CLANG_ENABLE_OBJC_WEAK = YES;
				CLANG_WARN_BLOCK_CAPTURE_AUTORELEASING = YES;
				CLANG_WARN_BOOL_CONVERSION = YES;
				CLANG_WARN_COMMA = YES;
				CLANG_WARN_CONSTANT_CONVERSION = YES;
				CLANG_WARN_DEPRECATED_OBJC_IMPLEMENTATIONS = YES;
				CLANG_WARN_DIRECT_OBJC_ISA_USAGE = YES_ERROR;
				CLANG_WARN_DOCUMENTATION_COMMENTS = YES;
				CLANG_WARN_EMPTY_BODY = YES;
				CLANG_WARN_ENUM_CONVERSION = YES;
				CLANG_WARN_INFINITE_RECURSION = YES;
				CLANG_WARN_INT_CONVERSION = YES;
				CLANG_WARN_NON_LITERAL_NULL_CONVERSION = YES;
				CLANG_WARN_OBJC_IMPLICIT_RETAIN_SELF = YES;
				CLANG_WARN_OBJC_LITERAL_CONVERSION = YES;
				CLANG_WARN_OBJC_ROOT_CLASS = YES_ERROR;
				CLANG_WARN_QUOTED_INCLUDE_IN_FRAMEWORK_HEADER = YES;
				CLANG_WARN_RANGE_LOOP_ANALYSIS = YES;
				CLANG_WARN_STRICT_PROTOTYPES = YES;
				CLANG_WARN_SUSPICIOUS_MOVE = YES;
				CLANG_WARN_UNGUARDED_AVAILABILITY = YES_AGGRESSIVE;
				CLANG_WARN_UNREACHABLE_CODE = YES;
				CLANG_WARN__DUPLICATE_METHOD_MATCH = YES;
				COPY_PHASE_STRIP = NO;
				DEBUG_INFORMATION_FORMAT = "dwarf-with-dsym";
				ENABLE_NS_ASSERTIONS = NO;
				ENABLE_STRICT_OBJC_MSGSEND = YES;
				GCC_C_LANGUAGE_STANDARD = gnu11;
				GCC_NO_COMMON_BLOCKS = YES;
				GCC_WARN_64_TO_32_BIT_CONVERSION = YES;
				GCC_WARN_ABOUT_RETURN_TYPE = YES_ERROR;
				GCC_WARN_UNDECLARED_SELECTOR = YES;
				GCC_WARN_UNINITIALIZED_AUTOS = YES_AGGRESSIVE;
				GCC_WARN_UNUSED_FUNCTION = YES;
				GCC_WARN_UNUSED_VARIABLE = YES;
				IPHONEOS_DEPLOYMENT_TARGET = 16.0;
				MTL_ENABLE_DEBUG_INFO = NO;
				MTL_FAST_MATH = YES;
				SDKROOT = iphoneos;
				SWIFT_COMPILATION_MODE = wholemodule;
				SWIFT_OPTIMIZATION_LEVEL = "-O";
				VALIDATE_PRODUCT = YES;
			};
			name = Release;
		};
		C04B880F2A03B9B20053F3C9 /* Debug */ = {
			isa = XCBuildConfiguration;
			buildSettings = {
				ASSETCATALOG_COMPILER_APPICON_NAME = AppIcon;
				ASSETCATALOG_COMPILER_GLOBAL_ACCENT_COLOR_NAME = AccentColor;
				ASSETCATALOG_COMPILER_INCLUDE_ALL_APPICON_ASSETS = NO;
				CODE_SIGN_STYLE = Automatic;
				CURRENT_PROJECT_VERSION = 1;
				DEVELOPMENT_ASSET_PATHS = "\"Electriwise/Preview Content\"";
				DEVELOPMENT_TEAM = AHLML969C8;
				ENABLE_PREVIEWS = YES;
				GENERATE_INFOPLIST_FILE = YES;
				INFOPLIST_KEY_CFBundleDisplayName = ElectriWise;
				INFOPLIST_KEY_LSApplicationCategoryType = "public.app-category.utilities";
				INFOPLIST_KEY_UIApplicationSceneManifest_Generation = YES;
				INFOPLIST_KEY_UIApplicationSupportsIndirectInputEvents = YES;
				INFOPLIST_KEY_UILaunchScreen_Generation = YES;
				INFOPLIST_KEY_UISupportedInterfaceOrientations_iPad = "UIInterfaceOrientationPortrait UIInterfaceOrientationPortraitUpsideDown UIInterfaceOrientationLandscapeLeft UIInterfaceOrientationLandscapeRight";
				INFOPLIST_KEY_UISupportedInterfaceOrientations_iPhone = "UIInterfaceOrientationPortrait UIInterfaceOrientationLandscapeLeft UIInterfaceOrientationLandscapeRight";
				IPHONEOS_DEPLOYMENT_TARGET = 16.0;
				LD_RUNPATH_SEARCH_PATHS = (
					"$(inherited)",
					"@executable_path/Frameworks",
				);
				MARKETING_VERSION = 1.2;
				PRODUCT_BUNDLE_IDENTIFIER = com.github.davidmahbubi.electriwise;
				PRODUCT_NAME = "$(TARGET_NAME)";
				SWIFT_EMIT_LOC_STRINGS = YES;
				SWIFT_VERSION = 5.0;
				TARGETED_DEVICE_FAMILY = "1,2";
			};
			name = Debug;
		};
		C04B88102A03B9B20053F3C9 /* Release */ = {
			isa = XCBuildConfiguration;
			buildSettings = {
				ASSETCATALOG_COMPILER_APPICON_NAME = AppIcon;
				ASSETCATALOG_COMPILER_GLOBAL_ACCENT_COLOR_NAME = AccentColor;
				ASSETCATALOG_COMPILER_INCLUDE_ALL_APPICON_ASSETS = NO;
				CODE_SIGN_STYLE = Automatic;
				CURRENT_PROJECT_VERSION = 1;
				DEVELOPMENT_ASSET_PATHS = "\"Electriwise/Preview Content\"";
				DEVELOPMENT_TEAM = AHLML969C8;
				ENABLE_PREVIEWS = YES;
				GENERATE_INFOPLIST_FILE = YES;
				INFOPLIST_KEY_CFBundleDisplayName = ElectriWise;
				INFOPLIST_KEY_LSApplicationCategoryType = "public.app-category.utilities";
				INFOPLIST_KEY_UIApplicationSceneManifest_Generation = YES;
				INFOPLIST_KEY_UIApplicationSupportsIndirectInputEvents = YES;
				INFOPLIST_KEY_UILaunchScreen_Generation = YES;
				INFOPLIST_KEY_UISupportedInterfaceOrientations_iPad = "UIInterfaceOrientationPortrait UIInterfaceOrientationPortraitUpsideDown UIInterfaceOrientationLandscapeLeft UIInterfaceOrientationLandscapeRight";
				INFOPLIST_KEY_UISupportedInterfaceOrientations_iPhone = "UIInterfaceOrientationPortrait UIInterfaceOrientationLandscapeLeft UIInterfaceOrientationLandscapeRight";
				IPHONEOS_DEPLOYMENT_TARGET = 16.0;
				LD_RUNPATH_SEARCH_PATHS = (
					"$(inherited)",
					"@executable_path/Frameworks",
				);
				MARKETING_VERSION = 1.2;
				PRODUCT_BUNDLE_IDENTIFIER = com.github.davidmahbubi.electriwise;
				PRODUCT_NAME = "$(TARGET_NAME)";
				SWIFT_EMIT_LOC_STRINGS = YES;
				SWIFT_VERSION = 5.0;
				TARGETED_DEVICE_FAMILY = "1,2";
			};
			name = Release;
		};
/* End XCBuildConfiguration section */

/* Begin XCConfigurationList section */
		C04B87FB2A03B9B20053F3C9 /* Build configuration list for PBXProject "Electriwise" */ = {
			isa = XCConfigurationList;
			buildConfigurations = (
				C04B880C2A03B9B20053F3C9 /* Debug */,
				C04B880D2A03B9B20053F3C9 /* Release */,
			);
			defaultConfigurationIsVisible = 0;
			defaultConfigurationName = Release;
		};
		C04B880E2A03B9B20053F3C9 /* Build configuration list for PBXNativeTarget "Electriwise" */ = {
			isa = XCConfigurationList;
			buildConfigurations = (
				C04B880F2A03B9B20053F3C9 /* Debug */,
				C04B88102A03B9B20053F3C9 /* Release */,
			);
			defaultConfigurationIsVisible = 0;
			defaultConfigurationName = Release;
		};
/* End XCConfigurationList section */

/* Begin XCVersionGroup section */
		C003B9C92A135CFC00084371 /* ApplianceModel.xcdatamodeld */ = {
			isa = XCVersionGroup;
			children = (
				C003B9CA2A135CFC00084371 /* ApplianceModel.xcdatamodel */,
			);
			currentVersion = C003B9CA2A135CFC00084371 /* ApplianceModel.xcdatamodel */;
			path = ApplianceModel.xcdatamodeld;
			sourceTree = "<group>";
			versionGroupType = wrapper.xcdatamodel;
		};
/* End XCVersionGroup section */
	};
	rootObject = C04B87F82A03B9B20053F3C9 /* Project object */;
}
